
Microsoft Visual Studio Solution File, Format Version 12.00
# Visual Studio Version 16
VisualStudioVersion = 16.0.30615.102
MinimumVisualStudioVersion = 10.0.40219.1
Project("{FAE04EC0-301F-11D3-BF4B-00C04F79EFBC}") = "ConsoleApp3", "ConsoleApp3\ConsoleApp3.csproj", "{0C77E8D9-349F-4A5E-9897-AD873FE5E260}"
EndProject
Global
	GlobalSection(SolutionConfigurationPlatforms) = preSolution
		Debug|Any CPU = Debug|Any CPU
		Release|Any CPU = Release|Any CPU
	EndGlobalSection
	GlobalSection(ProjectConfigurationPlatforms) = postSolution
		{0C77E8D9-349F-4A5E-9897-AD873FE5E260}.Debug|Any CPU.ActiveCfg = Debug|Any CPU
		{0C77E8D9-349F-4A5E-9897-AD873FE5E260}.Debug|Any CPU.Build.0 = Debug|Any CPU
		{0C77E8D9-349F-4A5E-9897-AD873FE5E260}.Release|Any CPU.ActiveCfg = Release|Any CPU
		{0C77E8D9-349F-4A5E-9897-AD873FE5E260}.Release|Any CPU.Build.0 = Release|Any CPU
	EndGlobalSection
	GlobalSection(SolutionProperties) = preSolution
		HideSolutionNode = FALSE
	EndGlobalSection
	GlobalSection(ExtensibilityGlobals) = postSolution
		SolutionGuid = {553083CB-4666-41C4-80AE-ED19CBB1E17E}
	EndGlobalSection
EndGlobal
